
Microsoft Visual Studio Solution File, Format Version 12.00
# Visual Studio Version 17
VisualStudioVersion = 17.9.34616.47
MinimumVisualStudioVersion = 10.0.40219.1
Project("{FAE04EC0-301F-11D3-BF4B-00C04F79EFBC}") = "Dicitionary", "Dicitionary.csproj", "{BFF8D3D9-F5BC-4B21-AEA3-C7D423B732E3}"
EndProject
Global
	GlobalSection(SolutionConfigurationPlatforms) = preSolution
		Debug|Any CPU = Debug|Any CPU
		Release|Any CPU = Release|Any CPU
	EndGlobalSection
	GlobalSection(ProjectConfigurationPlatforms) = postSolution
		{BFF8D3D9-F5BC-4B21-AEA3-C7D423B732E3}.Debug|Any CPU.ActiveCfg = Debug|Any CPU
		{BFF8D3D9-F5BC-4B21-AEA3-C7D423B732E3}.Debug|Any CPU.Build.0 = Debug|Any CPU
		{BFF8D3D9-F5BC-4B21-AEA3-C7D423B732E3}.Release|Any CPU.ActiveCfg = Release|Any CPU
		{BFF8D3D9-F5BC-4B21-AEA3-C7D423B732E3}.Release|Any CPU.Build.0 = Release|Any CPU
	EndGlobalSection
	GlobalSection(SolutionProperties) = preSolution
		HideSolutionNode = FALSE
	EndGlobalSection
	GlobalSection(ExtensibilityGlobals) = postSolution
		SolutionGuid = {87CB40F9-36ED-4924-9EDA-37DF4A32C961}
	EndGlobalSection
EndGlobal
